
Microsoft Visual Studio Solution File, Format Version 12.00
# Visual Studio 2012
Project("{8BC9CEB8-8B4A-11D0-8D11-00A0C91BC942}") = "CppLib", "CppLib\CppLib.vcxproj", "{9C155F9F-F2D4-45BE-9163-CDBF3A429B31}"
EndProject
Project("{262852C6-CD72-467D-83FE-5EEB1973A190}") = "App1", "App1\App1.jsproj", "{3E186FA9-2FCA-47AE-BD9F-461E95CA8859}"
EndProject
Global
	GlobalSection(SolutionConfigurationPlatforms) = preSolution
		Debug|ARM = Debug|ARM
		Debug|Any CPU = Debug|Any CPU
		Debug|Mixed Platforms = Debug|Mixed Platforms
		Debug|Win32 = Debug|Win32
		Debug|x64 = Debug|x64
		Debug|x86 = Debug|x86
		Release|ARM = Release|ARM
		Release|Any CPU = Release|Any CPU
		Release|Mixed Platforms = Release|Mixed Platforms
		Release|Win32 = Release|Win32
		Release|x64 = Release|x64
		Release|x86 = Release|x86
	EndGlobalSection
	GlobalSection(ProjectConfigurationPlatforms) = postSolution
		{3E186FA9-2FCA-47AE-BD9F-461E95CA8859}.Debug|ARM.ActiveCfg = Debug|ARM
		{3E186FA9-2FCA-47AE-BD9F-461E95CA8859}.Debug|ARM.Build.0 = Debug|ARM
		{3E186FA9-2FCA-47AE-BD9F-461E95CA8859}.Debug|ARM.Deploy.0 = Debug|ARM
		{3E186FA9-2FCA-47AE-BD9F-461E95CA8859}.Debug|Any CPU.ActiveCfg = Debug|Any CPU
		{3E186FA9-2FCA-47AE-BD9F-461E95CA8859}.Debug|Any CPU.Build.0 = Debug|Any CPU
		{3E186FA9-2FCA-47AE-BD9F-461E95CA8859}.Debug|Any CPU.Deploy.0 = Debug|Any CPU
		{3E186FA9-2FCA-47AE-BD9F-461E95CA8859}.Debug|Mixed Platforms.ActiveCfg = Debug|x86
		{3E186FA9-2FCA-47AE-BD9F-461E95CA8859}.Debug|Mixed Platforms.Build.0 = Debug|x86
		{3E186FA9-2FCA-47AE-BD9F-461E95CA8859}.Debug|Mixed Platforms.Deploy.0 = Debug|x86
		{3E186FA9-2FCA-47AE-BD9F-461E95CA8859}.Debug|Win32.ActiveCfg = Debug|x86
		{3E186FA9-2FCA-47AE-BD9F-461E95CA8859}.Debug|Win32.Build.0 = Debug|x86
		{3E186FA9-2FCA-47AE-BD9F-461E95CA8859}.Debug|Win32.Deploy.0 = Debug|x86
		{3E186FA9-2FCA-47AE-BD9F-461E95CA8859}.Debug|x64.ActiveCfg = Debug|x64
		{3E186FA9-2FCA-47AE-BD9F-461E95CA8859}.Debug|x64.Build.0 = Debug|x64
		{3E186FA9-2FCA-47AE-BD9F-461E95CA8859}.Debug|x64.Deploy.0 = Debug|x64
		{3E186FA9-2FCA-47AE-BD9F-461E95CA8859}.Debug|x86.ActiveCfg = Debug|x86
		{3E186FA9-2FCA-47AE-BD9F-461E95CA8859}.Debug|x86.Build.0 = Debug|x86
		{3E186FA9-2FCA-47AE-BD9F-461E95CA8859}.Debug|x86.Deploy.0 = Debug|x86
		{3E186FA9-2FCA-47AE-BD9F-461E95CA8859}.Release|ARM.ActiveCfg = Release|ARM
		{3E186FA9-2FCA-47AE-BD9F-461E95CA8859}.Release|ARM.Build.0 = Release|ARM
		{3E186FA9-2FCA-47AE-BD9F-461E95CA8859}.Release|ARM.Deploy.0 = Release|ARM
		{3E186FA9-2FCA-47AE-BD9F-461E95CA8859}.Release|Any CPU.ActiveCfg = Release|Any CPU
		{3E186FA9-2FCA-47AE-BD9F-461E95CA8859}.Release|Any CPU.Build.0 = Release|Any CPU
		{3E186FA9-2FCA-47AE-BD9F-461E95CA8859}.Release|Any CPU.Deploy.0 = Release|Any CPU
		{3E186FA9-2FCA-47AE-BD9F-461E95CA8859}.Release|Mixed Platforms.ActiveCfg = Release|x86
		{3E186FA9-2FCA-47AE-BD9F-461E95CA8859}.Release|Mixed Platforms.Build.0 = Release|x86
		{3E186FA9-2FCA-47AE-BD9F-461E95CA8859}.Release|Mixed Platforms.Deploy.0 = Release|x86
		{3E186FA9-2FCA-47AE-BD9F-461E95CA8859}.Release|Win32.ActiveCfg = Release|x86
		{3E186FA9-2FCA-47AE-BD9F-461E95CA8859}.Release|Win32.Build.0 = Release|x86
		{3E186FA9-2FCA-47AE-BD9F-461E95CA8859}.Release|Win32.Deploy.0 = Release|x86
		{3E186FA9-2FCA-47AE-BD9F-461E95CA8859}.Release|x64.ActiveCfg = Release|x64
		{3E186FA9-2FCA-47AE-BD9F-461E95CA8859}.Release|x64.Build.0 = Release|x64
		{3E186FA9-2FCA-47AE-BD9F-461E95CA8859}.Release|x64.Deploy.0 = Release|x64
		{3E186FA9-2FCA-47AE-BD9F-461E95CA8859}.Release|x86.ActiveCfg = Release|x86
		{3E186FA9-2FCA-47AE-BD9F-461E95CA8859}.Release|x86.Build.0 = Release|x86
		{3E186FA9-2FCA-47AE-BD9F-461E95CA8859}.Release|x86.Deploy.0 = Release|x86
		{9C155F9F-F2D4-45BE-9163-CDBF3A429B31}.Debug|ARM.ActiveCfg = Debug|ARM
		{9C155F9F-F2D4-45BE-9163-CDBF3A429B31}.Debug|ARM.Build.0 = Debug|ARM
		{9C155F9F-F2D4-45BE-9163-CDBF3A429B31}.Debug|Any CPU.ActiveCfg = Debug|Win32
		{9C155F9F-F2D4-45BE-9163-CDBF3A429B31}.Debug|Mixed Platforms.ActiveCfg = Debug|Win32
		{9C155F9F-F2D4-45BE-9163-CDBF3A429B31}.Debug|Mixed Platforms.Build.0 = Debug|Win32
		{9C155F9F-F2D4-45BE-9163-CDBF3A429B31}.Debug|Win32.ActiveCfg = Debug|Win32
		{9C155F9F-F2D4-45BE-9163-CDBF3A429B31}.Debug|Win32.Build.0 = Debug|Win32
		{9C155F9F-F2D4-45BE-9163-CDBF3A429B31}.Debug|x64.ActiveCfg = Debug|x64
		{9C155F9F-F2D4-45BE-9163-CDBF3A429B31}.Debug|x64.Build.0 = Debug|x64
		{9C155F9F-F2D4-45BE-9163-CDBF3A429B31}.Debug|x86.ActiveCfg = Debug|Win32
		{9C155F9F-F2D4-45BE-9163-CDBF3A429B31}.Debug|x86.Build.0 = Debug|Win32
		{9C155F9F-F2D4-45BE-9163-CDBF3A429B31}.Release|ARM.ActiveCfg = Release|ARM
		{9C155F9F-F2D4-45BE-9163-CDBF3A429B31}.Release|ARM.Build.0 = Release|ARM
		{9C155F9F-F2D4-45BE-9163-CDBF3A429B31}.Release|Any CPU.ActiveCfg = Release|Win32
		{9C155F9F-F2D4-45BE-9163-CDBF3A429B31}.Release|Mixed Platforms.ActiveCfg = Release|Win32
		{9C155F9F-F2D4-45BE-9163-CDBF3A429B31}.Release|Mixed Platforms.Build.0 = Release|Win32
		{9C155F9F-F2D4-45BE-9163-CDBF3A429B31}.Release|Win32.ActiveCfg = Release|Win32
		{9C155F9F-F2D4-45BE-9163-CDBF3A429B31}.Release|Win32.Build.0 = Release|Win32
		{9C155F9F-F2D4-45BE-9163-CDBF3A429B31}.Release|x64.ActiveCfg = Release|x64
		{9C155F9F-F2D4-45BE-9163-CDBF3A429B31}.Release|x64.Build.0 = Release|x64
		{9C155F9F-F2D4-45BE-9163-CDBF3A429B31}.Release|x86.ActiveCfg = Release|Win32
		{9C155F9F-F2D4-45BE-9163-CDBF3A429B31}.Release|x86.Build.0 = Release|Win32
	EndGlobalSection
	GlobalSection(SolutionProperties) = preSolution
		HideSolutionNode = FALSE
	EndGlobalSection
EndGlobal
